<?xml version="1.0" encoding="UTF-8"?>
<!DOCTYPE plist PUBLIC "-//Apple//DTD PLIST 1.0//EN" "http://www.apple.com/DTDs/PropertyList-1.0.dtd">
<plist version="1.0">
<dict>
	<key>archiveVersion</key>
	<string>1</string>
	<key>classes</key>
	<dict/>
	<key>objectVersion</key>
	<string>56</string>
	<key>objects</key>
	<dict>
		<key>8A1C9B68090CF9EC3BF00E03</key>
		<dict>
			<key>isa</key>
			<string>PBXFileReference</string>
			<key>path</key>
			<string>Sources/Reed/AddArticleView.swift</string>
			<key>sourceTree</key>
			<string>SOURCE_ROOT</string>
			<key>lastKnownFileType</key>
			<string>sourcecode.swift</string>
		</dict>
		<key>6028FB5DE9020B01ED4401D3</key>
		<dict>
			<key>isa</key>
			<string>PBXBuildFile</string>
			<key>fileRef</key>
			<string>8A1C9B68090CF9EC3BF00E03</string>
		</dict>
		<key>CD30CCE4A34F006D70CC05E8</key>
		<dict>
			<key>isa</key>
			<string>PBXFileReference</string>
			<key>path</key>
			<string>Sources/Reed/ArticleDetailView.swift</string>
			<key>sourceTree</key>
			<string>SOURCE_ROOT</string>
			<key>lastKnownFileType</key>
			<string>sourcecode.swift</string>
		</dict>
		<key>87E1C50AE6666844D88732DE</key>
		<dict>
			<key>isa</key>
			<string>PBXBuildFile</string>
			<key>fileRef</key>
			<string>CD30CCE4A34F006D70CC05E8</string>
		</dict>
		<key>7FFB9C3824D5D12742BB27B3</key>
		<dict>
			<key>isa</key>
			<string>PBXFileReference</string>
			<key>path</key>
			<string>Sources/Reed/LibraryView.swift</string>
			<key>sourceTree</key>
			<string>SOURCE_ROOT</string>
			<key>lastKnownFileType</key>
			<string>sourcecode.swift</string>
		</dict>
		<key>23C4BE1CC27D3C948AF14841</key>
		<dict>
			<key>isa</key>
			<string>PBXBuildFile</string>
			<key>fileRef</key>
			<string>7FFB9C3824D5D12742BB27B3</string>
		</dict>
		<key>EA6A37D30699070A655CB24E</key>
		<dict>
			<key>isa</key>
			<string>PBXFileReference</string>
			<key>path</key>
			<string>Sources/Reed/OfflineWebView.swift</string>
			<key>sourceTree</key>
			<string>SOURCE_ROOT</string>
			<key>lastKnownFileType</key>
			<string>sourcecode.swift</string>
		</dict>
		<key>4258CB1E66946A2A57F938EC</key>
		<dict>
			<key>isa</key>
			<string>PBXBuildFile</string>
			<key>fileRef</key>
			<string>EA6A37D30699070A655CB24E</string>
		</dict>
		<key>E9837CD9914E91D5750B82BD</key>
		<dict>
			<key>isa</key>
			<string>PBXFileReference</string>
			<key>path</key>
			<string>Sources/Reed/ReedApp.swift</string>
			<key>sourceTree</key>
			<string>SOURCE_ROOT</string>
			<key>lastKnownFileType</key>
			<string>sourcecode.swift</string>
		</dict>
		<key>CD546E1A338CABB67FC83DE5</key>
		<dict>
			<key>isa</key>
			<string>PBXBuildFile</string>
			<key>fileRef</key>
			<string>E9837CD9914E91D5750B82BD</string>
		</dict>
		<key>B71B90F4906B3A73F8C70F6A</key>
		<dict>
			<key>isa</key>
			<string>PBXFileReference</string>
			<key>path</key>
			<string>Sources/Reed/SmokeTest.swift</string>
			<key>sourceTree</key>
			<string>SOURCE_ROOT</string>
			<key>lastKnownFileType</key>
			<string>sourcecode.swift</string>
		</dict>
		<key>6BF7FEFFFD817D6E50733FDA</key>
		<dict>
			<key>isa</key>
			<string>PBXBuildFile</string>
			<key>fileRef</key>
			<string>B71B90F4906B3A73F8C70F6A</string>
		</dict>
		<key>0D05B48E6BF1CF037AF4F282</key>
		<dict>
			<key>isa</key>
			<string>PBXFileReference</string>
			<key>path</key>
			<string>Sources/ReedCore/Article.swift</string>
			<key>sourceTree</key>
			<string>SOURCE_ROOT</string>
			<key>lastKnownFileType</key>
			<string>sourcecode.swift</string>
		</dict>
		<key>7861EDA4ED9D7A92471A8A1D</key>
		<dict>
			<key>isa</key>
			<string>PBXBuildFile</string>
			<key>fileRef</key>
			<string>0D05B48E6BF1CF037AF4F282</string>
		</dict>
		<key>24D87A3D58399F91B70B69B5</key>
		<dict>
			<key>isa</key>
			<string>PBXFileReference</string>
			<key>path</key>
			<string>Sources/ReedCore/ArticleDownloader.swift</string>
			<key>sourceTree</key>
			<string>SOURCE_ROOT</string>
			<key>lastKnownFileType</key>
			<string>sourcecode.swift</string>
		</dict>
		<key>86B08DB1E682A9773DFC9F34</key>
		<dict>
			<key>isa</key>
			<string>PBXBuildFile</string>
			<key>fileRef</key>
			<string>24D87A3D58399F91B70B69B5</string>
		</dict>
		<key>AC56CDA6B28E18E3CF2AFE6C</key>
		<dict>
			<key>isa</key>
			<string>PBXFileReference</string>
			<key>path</key>
			<string>Sources/ReedCore/ArticleExtractor.swift</string>
			<key>sourceTree</key>
			<string>SOURCE_ROOT</string>
			<key>lastKnownFileType</key>
			<string>sourcecode.swift</string>
		</dict>
		<key>749B8CD50EA225F8B99ED603</key>
		<dict>
			<key>isa</key>
			<string>PBXBuildFile</string>
			<key>fileRef</key>
			<string>AC56CDA6B28E18E3CF2AFE6C</string>
		</dict>
		<key>98CED4B3A5C97EFC85BEB56A</key>
		<dict>
			<key>isa</key>
			<string>PBXFileReference</string>
			<key>path</key>
			<string>Sources/ReedCore/ArticleStorage.swift</string>
			<key>sourceTree</key>
			<string>SOURCE_ROOT</string>
			<key>lastKnownFileType</key>
			<string>sourcecode.swift</string>
		</dict>
		<key>3483221D2BB5C1A5B6A79D8D</key>
		<dict>
			<key>isa</key>
			<string>PBXBuildFile</string>
			<key>fileRef</key>
			<string>98CED4B3A5C97EFC85BEB56A</string>
		</dict>
		<key>709F77BB5F9974865AC45CF4</key>
		<dict>
			<key>isa</key>
			<string>PBXFileReference</string>
			<key>path</key>
			<string>Sources/ReedCore/Library.swift</string>
			<key>sourceTree</key>
			<string>SOURCE_ROOT</string>
			<key>lastKnownFileType</key>
			<string>sourcecode.swift</string>
		</dict>
		<key>E990D3D09BB177A7DFFE6EEE</key>
		<dict>
			<key>isa</key>
			<string>PBXBuildFile</string>
			<key>fileRef</key>
			<string>709F77BB5F9974865AC45CF4</string>
		</dict>
		<key>62F2B30EADC9532F27B629D9</key>
		<dict>
			<key>isa</key>
			<string>PBXFileReference</string>
			<key>path</key>
			<string>Sources/ReedCore/Resources/DOMPurify-LICENSE</string>
			<key>sourceTree</key>
			<string>SOURCE_ROOT</string>
			<key>lastKnownFileType</key>
			<string>text</string>
		</dict>
		<key>95F9C476FA29F4B4FE75BFA6</key>
		<dict>
			<key>isa</key>
			<string>PBXBuildFile</string>
			<key>fileRef</key>
			<string>62F2B30EADC9532F27B629D9</string>
		</dict>
		<key>CEFEDFD4E31E49F4A1E14286</key>
		<dict>
			<key>isa</key>
			<string>PBXFileReference</string>
			<key>path</key>
			<string>Sources/ReedCore/Resources/ExtractArticle.js</string>
			<key>sourceTree</key>
			<string>SOURCE_ROOT</string>
			<key>lastKnownFileType</key>
			<string>text</string>
		</dict>
		<key>AEC029FEFB7F48EAA6D5738F</key>
		<dict>
			<key>isa</key>
			<string>PBXBuildFile</string>
			<key>fileRef</key>
			<string>CEFEDFD4E31E49F4A1E14286</string>
		</dict>
		<key>F0BA769FF6C009D39AF6272F</key>
		<dict>
			<key>isa</key>
			<string>PBXFileReference</string>
			<key>path</key>
			<string>Sources/ReedCore/Resources/Readability-LICENSE.md</string>
			<key>sourceTree</key>
			<string>SOURCE_ROOT</string>
			<key>lastKnownFileType</key>
			<string>text</string>
		</dict>
		<key>28237ABACD757084E075B439</key>
		<dict>
			<key>isa</key>
			<string>PBXBuildFile</string>
			<key>fileRef</key>
			<string>F0BA769FF6C009D39AF6272F</string>
		</dict>
		<key>794BE653DD175AFB4AD9B138</key>
		<dict>
			<key>isa</key>
			<string>PBXFileReference</string>
			<key>path</key>
			<string>Sources/ReedCore/Resources/Readability.js</string>
			<key>sourceTree</key>
			<string>SOURCE_ROOT</string>
			<key>lastKnownFileType</key>
			<string>text</string>
		</dict>
		<key>4A73C7488519AA95EFE0670F</key>
		<dict>
			<key>isa</key>
			<string>PBXBuildFile</string>
			<key>fileRef</key>
			<string>794BE653DD175AFB4AD9B138</string>
		</dict>
		<key>169F6D550C9F9B8572CBBC11</key>
		<dict>
			<key>isa</key>
			<string>PBXFileReference</string>
			<key>path</key>
			<string>Sources/ReedCore/Resources/purify.min.js</string>
			<key>sourceTree</key>
			<string>SOURCE_ROOT</string>
			<key>lastKnownFileType</key>
			<string>text</string>
		</dict>
		<key>78E7916C12A020A7B2F76EC1</key>
		<dict>
			<key>isa</key>
			<string>PBXBuildFile</string>
			<key>fileRef</key>
			<string>169F6D550C9F9B8572CBBC11</string>
		</dict>
		<key>38A007151ABE87CC01A5B6E9</key>
		<dict>
			<key>isa</key>
			<string>PBXFileReference</string>
			<key>explicitFileType</key>
			<string>wrapper.application</string>
			<key>path</key>
			<string>Reed.app</string>
			<key>sourceTree</key>
			<string>BUILT_PRODUCTS_DIR</string>
		</dict>
		<key>FBDC4F23F93125BBEEAE800C</key>
		<dict>
			<key>isa</key>
			<string>PBXGroup</string>
			<key>children</key>
			<array>
				<string>38A007151ABE87CC01A5B6E9</string>
			</array>
			<key>name</key>
			<string>Products</string>
			<key>sourceTree</key>
			<string>&lt;group&gt;</string>
		</dict>
		<key>B28B7AF69320201D1CF206EB</key>
		<dict>
			<key>isa</key>
			<string>PBXGroup</string>
			<key>children</key>
			<array>
				<string>8A1C9B68090CF9EC3BF00E03</string>
				<string>CD30CCE4A34F006D70CC05E8</string>
				<string>7FFB9C3824D5D12742BB27B3</string>
				<string>EA6A37D30699070A655CB24E</string>
				<string>E9837CD9914E91D5750B82BD</string>
				<string>B71B90F4906B3A73F8C70F6A</string>
				<string>0D05B48E6BF1CF037AF4F282</string>
				<string>24D87A3D58399F91B70B69B5</string>
				<string>AC56CDA6B28E18E3CF2AFE6C</string>
				<string>98CED4B3A5C97EFC85BEB56A</string>
				<string>709F77BB5F9974865AC45CF4</string>
				<string>62F2B30EADC9532F27B629D9</string>
				<string>CEFEDFD4E31E49F4A1E14286</string>
				<string>F0BA769FF6C009D39AF6272F</string>
				<string>794BE653DD175AFB4AD9B138</string>
				<string>169F6D550C9F9B8572CBBC11</string>
				<string>FBDC4F23F93125BBEEAE800C</string>
			</array>
			<key>sourceTree</key>
			<string>&lt;group&gt;</string>
		</dict>
		<key>BCE16DD0260827ECF338C787</key>
		<dict>
			<key>isa</key>
			<string>PBXSourcesBuildPhase</string>
			<key>buildActionMask</key>
			<integer>2147483647</integer>
			<key>files</key>
			<array>
				<string>6028FB5DE9020B01ED4401D3</string>
				<string>87E1C50AE6666844D88732DE</string>
				<string>23C4BE1CC27D3C948AF14841</string>
				<string>4258CB1E66946A2A57F938EC</string>
				<string>CD546E1A338CABB67FC83DE5</string>
				<string>6BF7FEFFFD817D6E50733FDA</string>
				<string>7861EDA4ED9D7A92471A8A1D</string>
				<string>86B08DB1E682A9773DFC9F34</string>
				<string>749B8CD50EA225F8B99ED603</string>
				<string>3483221D2BB5C1A5B6A79D8D</string>
				<string>E990D3D09BB177A7DFFE6EEE</string>
			</array>
			<key>runOnlyForDeploymentPostprocessing</key>
			<integer>0</integer>
		</dict>
		<key>0189424A5A60FED329FA868E</key>
		<dict>
			<key>isa</key>
			<string>PBXResourcesBuildPhase</string>
			<key>buildActionMask</key>
			<integer>2147483647</integer>
			<key>files</key>
			<array>
				<string>95F9C476FA29F4B4FE75BFA6</string>
				<string>AEC029FEFB7F48EAA6D5738F</string>
				<string>28237ABACD757084E075B439</string>
				<string>4A73C7488519AA95EFE0670F</string>
				<string>78E7916C12A020A7B2F76EC1</string>
			</array>
			<key>runOnlyForDeploymentPostprocessing</key>
			<integer>0</integer>
		</dict>
		<key>7561BFB015D8F536760CB671</key>
		<dict>
			<key>isa</key>
			<string>PBXFrameworksBuildPhase</string>
			<key>buildActionMask</key>
			<integer>2147483647</integer>
			<key>files</key>
			<array/>
			<key>runOnlyForDeploymentPostprocessing</key>
			<integer>0</integer>
		</dict>
		<key>AB52CB08E0FDF02BF6C67C33</key>
		<dict>
			<key>isa</key>
			<string>XCBuildConfiguration</string>
			<key>name</key>
			<string>Debug</string>
			<key>buildSettings</key>
			<dict>
				<key>CLANG_ENABLE_MODULES</key>
				<string>YES</string>
				<key>SWIFT_VERSION</key>
				<string>6.0</string>
				<key>MACOSX_DEPLOYMENT_TARGET</key>
				<string>15.0</string>
				<key>IPHONEOS_DEPLOYMENT_TARGET</key>
				<string>17.0</string>
				<key>SDKROOT</key>
				<string>auto</string>
				<key>SUPPORTED_PLATFORMS</key>
				<string>macosx iphoneos iphonesimulator</string>
				<key>SWIFT_OPTIMIZATION_LEVEL</key>
				<string>-Onone</string>
				<key>SWIFT_ACTIVE_COMPILATION_CONDITIONS</key>
				<string>DEBUG</string>
				<key>ENABLE_TESTABILITY</key>
				<string>YES</string>
				<key>DEBUG_INFORMATION_FORMAT</key>
				<string>dwarf</string>
			</dict>
		</dict>
		<key>59E1BEE911F66DA37FEBACDC</key>
		<dict>
			<key>isa</key>
			<string>XCBuildConfiguration</string>
			<key>name</key>
			<string>Debug</string>
			<key>buildSettings</key>
			<dict>
				<key>PRODUCT_NAME</key>
				<string>Reed</string>
				<key>PRODUCT_BUNDLE_IDENTIFIER</key>
				<string>app.reed.reader</string>
				<key>INFOPLIST_FILE</key>
				<string>Info.plist</string>
				<key>GENERATE_INFOPLIST_FILE</key>
				<string>NO</string>
				<key>INFOPLIST_FILE[sdk=macosx*]</key>
				<string>Info-macOS.plist</string>
				<key>CODE_SIGN_STYLE</key>
				<string>Automatic</string>
				<key>CODE_SIGN_IDENTITY[sdk=macosx*]</key>
				<string>-</string>
				<key>TARGETED_DEVICE_FAMILY</key>
				<string>1,2</string>
				<key>CURRENT_PROJECT_VERSION</key>
				<string>1</string>
				<key>MARKETING_VERSION</key>
				<string>0.1.0</string>
				<key>ENABLE_APP_SANDBOX</key>
				<string>NO</string>
				<key>COMBINE_HIDPI_IMAGES</key>
				<string>YES</string>
				<key>LD_RUNPATH_SEARCH_PATHS</key>
				<string>$(inherited) @executable_path/../Frameworks @executable_path/Frameworks</string>
			</dict>
		</dict>
		<key>5283471FF90C511CFE244FFF</key>
		<dict>
			<key>isa</key>
			<string>XCBuildConfiguration</string>
			<key>name</key>
			<string>Release</string>
			<key>buildSettings</key>
			<dict>
				<key>CLANG_ENABLE_MODULES</key>
				<string>YES</string>
				<key>SWIFT_VERSION</key>
				<string>6.0</string>
				<key>MACOSX_DEPLOYMENT_TARGET</key>
				<string>15.0</string>
				<key>IPHONEOS_DEPLOYMENT_TARGET</key>
				<string>17.0</string>
				<key>SDKROOT</key>
				<string>auto</string>
				<key>SUPPORTED_PLATFORMS</key>
				<string>macosx iphoneos iphonesimulator</string>
				<key>SWIFT_OPTIMIZATION_LEVEL</key>
				<string>-O</string>
				<key>SWIFT_ACTIVE_COMPILATION_CONDITIONS</key>
				<string></string>
				<key>ENABLE_TESTABILITY</key>
				<string>NO</string>
				<key>DEBUG_INFORMATION_FORMAT</key>
				<string>dwarf-with-dsym</string>
			</dict>
		</dict>
		<key>F4C425279CD5DDD18FD6DC6D</key>
		<dict>
			<key>isa</key>
			<string>XCBuildConfiguration</string>
			<key>name</key>
			<string>Release</string>
			<key>buildSettings</key>
			<dict>
				<key>PRODUCT_NAME</key>
				<string>Reed</string>
				<key>PRODUCT_BUNDLE_IDENTIFIER</key>
				<string>app.reed.reader</string>
				<key>INFOPLIST_FILE</key>
				<string>Info.plist</string>
				<key>GENERATE_INFOPLIST_FILE</key>
				<string>NO</string>
				<key>INFOPLIST_FILE[sdk=macosx*]</key>
				<string>Info-macOS.plist</string>
				<key>CODE_SIGN_STYLE</key>
				<string>Automatic</string>
				<key>CODE_SIGN_IDENTITY[sdk=macosx*]</key>
				<string>-</string>
				<key>TARGETED_DEVICE_FAMILY</key>
				<string>1,2</string>
				<key>CURRENT_PROJECT_VERSION</key>
				<string>1</string>
				<key>MARKETING_VERSION</key>
				<string>0.1.0</string>
				<key>ENABLE_APP_SANDBOX</key>
				<string>NO</string>
				<key>COMBINE_HIDPI_IMAGES</key>
				<string>YES</string>
				<key>LD_RUNPATH_SEARCH_PATHS</key>
				<string>$(inherited) @executable_path/../Frameworks @executable_path/Frameworks</string>
			</dict>
		</dict>
		<key>49EA05A46B1A86EA7E413B43</key>
		<dict>
			<key>isa</key>
			<string>XCConfigurationList</string>
			<key>buildConfigurations</key>
			<array>
				<string>AB52CB08E0FDF02BF6C67C33</string>
				<string>5283471FF90C511CFE244FFF</string>
			</array>
			<key>defaultConfigurationIsVisible</key>
			<integer>0</integer>
			<key>defaultConfigurationName</key>
			<string>Release</string>
		</dict>
		<key>F497FD0CF9CA1625C4A860DE</key>
		<dict>
			<key>isa</key>
			<string>XCConfigurationList</string>
			<key>buildConfigurations</key>
			<array>
				<string>59E1BEE911F66DA37FEBACDC</string>
				<string>F4C425279CD5DDD18FD6DC6D</string>
			</array>
			<key>defaultConfigurationIsVisible</key>
			<integer>0</integer>
			<key>defaultConfigurationName</key>
			<string>Release</string>
		</dict>
		<key>0E8A3AD980EC179856012B7E</key>
		<dict>
			<key>isa</key>
			<string>PBXNativeTarget</string>
			<key>name</key>
			<string>Reed</string>
			<key>productName</key>
			<string>Reed</string>
			<key>productReference</key>
			<string>38A007151ABE87CC01A5B6E9</string>
			<key>productType</key>
			<string>com.apple.product-type.application</string>
			<key>buildConfigurationList</key>
			<string>F497FD0CF9CA1625C4A860DE</string>
			<key>buildPhases</key>
			<array>
				<string>BCE16DD0260827ECF338C787</string>
				<string>7561BFB015D8F536760CB671</string>
				<string>0189424A5A60FED329FA868E</string>
			</array>
			<key>buildRules</key>
			<array/>
			<key>dependencies</key>
			<array/>
		</dict>
		<key>98F54143AB4E86B28C3AFEE0</key>
		<dict>
			<key>isa</key>
			<string>PBXProject</string>
			<key>attributes</key>
			<dict>
				<key>LastUpgradeCheck</key>
				<string>2700</string>
				<key>BuildIndependentTargetsInParallel</key>
				<string>YES</string>
			</dict>
			<key>buildConfigurationList</key>
			<string>49EA05A46B1A86EA7E413B43</string>
			<key>compatibilityVersion</key>
			<string>Xcode 14.0</string>
			<key>developmentRegion</key>
			<string>en</string>
			<key>hasScannedForEncodings</key>
			<integer>0</integer>
			<key>knownRegions</key>
			<array>
				<string>en</string>
				<string>Base</string>
			</array>
			<key>mainGroup</key>
			<string>B28B7AF69320201D1CF206EB</string>
			<key>productRefGroup</key>
			<string>FBDC4F23F93125BBEEAE800C</string>
			<key>projectDirPath</key>
			<string></string>
			<key>projectRoot</key>
			<string></string>
			<key>targets</key>
			<array>
				<string>0E8A3AD980EC179856012B7E</string>
			</array>
		</dict>
	</dict>
	<key>rootObject</key>
	<string>98F54143AB4E86B28C3AFEE0</string>
</dict>
</plist>
