<?xml version="1.0" encoding="UTF-8"?>
<!DOCTYPE plist PUBLIC "-//Apple//DTD PLIST 1.0//EN" "http://www.apple.com/DTDs/PropertyList-1.0.dtd">
<plist version="1.0">
<dict>
	<key>archiveVersion</key>
	<string>1</string>
	<key>classes</key>
	<dict/>
	<key>objectVersion</key>
	<string>56</string>
	<key>objects</key>
	<dict>
		<key>8A1C9B68090CF9EC3BF00E03</key>
		<dict>
			<key>isa</key>
			<string>PBXFileReference</string>
			<key>path</key>
			<string>Sources/Reed/AddArticleView.swift</string>
			<key>sourceTree</key>
			<string>SOURCE_ROOT</string>
			<key>lastKnownFileType</key>
			<string>sourcecode.swift</string>
		</dict>
		<key>6028FB5DE9020B01ED4401D3</key>
		<dict>
			<key>isa</key>
			<string>PBXBuildFile</string>
			<key>fileRef</key>
			<string>8A1C9B68090CF9EC3BF00E03</string>
		</dict>
		<key>CD30CCE4A34F006D70CC05E8</key>
		<dict>
			<key>isa</key>
			<string>PBXFileReference</string>
			<key>path</key>
			<string>Sources/Reed/ArticleDetailView.swift</string>
			<key>sourceTree</key>
			<string>SOURCE_ROOT</string>
			<key>lastKnownFileType</key>
			<string>sourcecode.swift</string>
		</dict>
		<key>87E1C50AE6666844D88732DE</key>
		<dict>
			<key>isa</key>
			<string>PBXBuildFile</string>
			<key>fileRef</key>
			<string>CD30CCE4A34F006D70CC05E8</string>
		</dict>
		<key>58082E44E6C06764D52E1DD7</key>
		<dict>
			<key>isa</key>
			<string>PBXFileReference</string>
			<key>path</key>
			<string>Sources/Reed/Assets.xcassets</string>
			<key>sourceTree</key>
			<string>SOURCE_ROOT</string>
			<key>lastKnownFileType</key>
			<string>folder.assetcatalog</string>
		</dict>
		<key>280AFA5966C83D33008AA46F</key>
		<dict>
			<key>isa</key>
			<string>PBXBuildFile</string>
			<key>fileRef</key>
			<string>58082E44E6C06764D52E1DD7</string>
		</dict>
		<key>55138BB89AD0F42AA656C991</key>
		<dict>
			<key>isa</key>
			<string>PBXFileReference</string>
			<key>path</key>
			<string>Sources/Reed/FeedViews.swift</string>
			<key>sourceTree</key>
			<string>SOURCE_ROOT</string>
			<key>lastKnownFileType</key>
			<string>sourcecode.swift</string>
		</dict>
		<key>AF2981C8D415CDED6EA81231</key>
		<dict>
			<key>isa</key>
			<string>PBXBuildFile</string>
			<key>fileRef</key>
			<string>55138BB89AD0F42AA656C991</string>
		</dict>
		<key>7FFB9C3824D5D12742BB27B3</key>
		<dict>
			<key>isa</key>
			<string>PBXFileReference</string>
			<key>path</key>
			<string>Sources/Reed/LibraryView.swift</string>
			<key>sourceTree</key>
			<string>SOURCE_ROOT</string>
			<key>lastKnownFileType</key>
			<string>sourcecode.swift</string>
		</dict>
		<key>23C4BE1CC27D3C948AF14841</key>
		<dict>
			<key>isa</key>
			<string>PBXBuildFile</string>
			<key>fileRef</key>
			<string>7FFB9C3824D5D12742BB27B3</string>
		</dict>
		<key>26ECBB57E0E465EB30EFF084</key>
		<dict>
			<key>isa</key>
			<string>PBXFileReference</string>
			<key>path</key>
			<string>Sources/Reed/NarrationBar.swift</string>
			<key>sourceTree</key>
			<string>SOURCE_ROOT</string>
			<key>lastKnownFileType</key>
			<string>sourcecode.swift</string>
		</dict>
		<key>E1FE09D28E34B5F60D61E9C1</key>
		<dict>
			<key>isa</key>
			<string>PBXBuildFile</string>
			<key>fileRef</key>
			<string>26ECBB57E0E465EB30EFF084</string>
		</dict>
		<key>2A88CBB9E73D0A0E48B9C71C</key>
		<dict>
			<key>isa</key>
			<string>PBXFileReference</string>
			<key>path</key>
			<string>Sources/Reed/Narrator.swift</string>
			<key>sourceTree</key>
			<string>SOURCE_ROOT</string>
			<key>lastKnownFileType</key>
			<string>sourcecode.swift</string>
		</dict>
		<key>E0E7870EA5D095C9234442AA</key>
		<dict>
			<key>isa</key>
			<string>PBXBuildFile</string>
			<key>fileRef</key>
			<string>2A88CBB9E73D0A0E48B9C71C</string>
		</dict>
		<key>EA6A37D30699070A655CB24E</key>
		<dict>
			<key>isa</key>
			<string>PBXFileReference</string>
			<key>path</key>
			<string>Sources/Reed/OfflineWebView.swift</string>
			<key>sourceTree</key>
			<string>SOURCE_ROOT</string>
			<key>lastKnownFileType</key>
			<string>sourcecode.swift</string>
		</dict>
		<key>4258CB1E66946A2A57F938EC</key>
		<dict>
			<key>isa</key>
			<string>PBXBuildFile</string>
			<key>fileRef</key>
			<string>EA6A37D30699070A655CB24E</string>
		</dict>
		<key>E9837CD9914E91D5750B82BD</key>
		<dict>
			<key>isa</key>
			<string>PBXFileReference</string>
			<key>path</key>
			<string>Sources/Reed/ReedApp.swift</string>
			<key>sourceTree</key>
			<string>SOURCE_ROOT</string>
			<key>lastKnownFileType</key>
			<string>sourcecode.swift</string>
		</dict>
		<key>CD546E1A338CABB67FC83DE5</key>
		<dict>
			<key>isa</key>
			<string>PBXBuildFile</string>
			<key>fileRef</key>
			<string>E9837CD9914E91D5750B82BD</string>
		</dict>
		<key>E1B4CFB83055600EEABE19D0</key>
		<dict>
			<key>isa</key>
			<string>PBXFileReference</string>
			<key>path</key>
			<string>Sources/Reed/SeriesViews.swift</string>
			<key>sourceTree</key>
			<string>SOURCE_ROOT</string>
			<key>lastKnownFileType</key>
			<string>sourcecode.swift</string>
		</dict>
		<key>A39272BA477257773A42D1B1</key>
		<dict>
			<key>isa</key>
			<string>PBXBuildFile</string>
			<key>fileRef</key>
			<string>E1B4CFB83055600EEABE19D0</string>
		</dict>
		<key>5819C39293FCA9B70AE93D0E</key>
		<dict>
			<key>isa</key>
			<string>PBXFileReference</string>
			<key>path</key>
			<string>Sources/Reed/SettingsView.swift</string>
			<key>sourceTree</key>
			<string>SOURCE_ROOT</string>
			<key>lastKnownFileType</key>
			<string>sourcecode.swift</string>
		</dict>
		<key>41EC7785CCE9D09B2D4FA7B1</key>
		<dict>
			<key>isa</key>
			<string>PBXBuildFile</string>
			<key>fileRef</key>
			<string>5819C39293FCA9B70AE93D0E</string>
		</dict>
		<key>B71B90F4906B3A73F8C70F6A</key>
		<dict>
			<key>isa</key>
			<string>PBXFileReference</string>
			<key>path</key>
			<string>Sources/Reed/SmokeTest.swift</string>
			<key>sourceTree</key>
			<string>SOURCE_ROOT</string>
			<key>lastKnownFileType</key>
			<string>sourcecode.swift</string>
		</dict>
		<key>6BF7FEFFFD817D6E50733FDA</key>
		<dict>
			<key>isa</key>
			<string>PBXBuildFile</string>
			<key>fileRef</key>
			<string>B71B90F4906B3A73F8C70F6A</string>
		</dict>
		<key>E0D1E03E3838001C7278D202</key>
		<dict>
			<key>isa</key>
			<string>PBXFileReference</string>
			<key>path</key>
			<string>Sources/Reed/SourceListView.swift</string>
			<key>sourceTree</key>
			<string>SOURCE_ROOT</string>
			<key>lastKnownFileType</key>
			<string>sourcecode.swift</string>
		</dict>
		<key>97B769EE3A4FECEA35AF013F</key>
		<dict>
			<key>isa</key>
			<string>PBXBuildFile</string>
			<key>fileRef</key>
			<string>E0D1E03E3838001C7278D202</string>
		</dict>
		<key>D7C3EFD9EEA43938E577AB06</key>
		<dict>
			<key>isa</key>
			<string>PBXFileReference</string>
			<key>path</key>
			<string>Sources/Reed/SubstackSignInView.swift</string>
			<key>sourceTree</key>
			<string>SOURCE_ROOT</string>
			<key>lastKnownFileType</key>
			<string>sourcecode.swift</string>
		</dict>
		<key>EA5311C60EBB1B1ABAE98631</key>
		<dict>
			<key>isa</key>
			<string>PBXBuildFile</string>
			<key>fileRef</key>
			<string>D7C3EFD9EEA43938E577AB06</string>
		</dict>
		<key>0D05B48E6BF1CF037AF4F282</key>
		<dict>
			<key>isa</key>
			<string>PBXFileReference</string>
			<key>path</key>
			<string>Sources/ReedCore/Article.swift</string>
			<key>sourceTree</key>
			<string>SOURCE_ROOT</string>
			<key>lastKnownFileType</key>
			<string>sourcecode.swift</string>
		</dict>
		<key>7861EDA4ED9D7A92471A8A1D</key>
		<dict>
			<key>isa</key>
			<string>PBXBuildFile</string>
			<key>fileRef</key>
			<string>0D05B48E6BF1CF037AF4F282</string>
		</dict>
		<key>24D87A3D58399F91B70B69B5</key>
		<dict>
			<key>isa</key>
			<string>PBXFileReference</string>
			<key>path</key>
			<string>Sources/ReedCore/ArticleDownloader.swift</string>
			<key>sourceTree</key>
			<string>SOURCE_ROOT</string>
			<key>lastKnownFileType</key>
			<string>sourcecode.swift</string>
		</dict>
		<key>86B08DB1E682A9773DFC9F34</key>
		<dict>
			<key>isa</key>
			<string>PBXBuildFile</string>
			<key>fileRef</key>
			<string>24D87A3D58399F91B70B69B5</string>
		</dict>
		<key>AC56CDA6B28E18E3CF2AFE6C</key>
		<dict>
			<key>isa</key>
			<string>PBXFileReference</string>
			<key>path</key>
			<string>Sources/ReedCore/ArticleExtractor.swift</string>
			<key>sourceTree</key>
			<string>SOURCE_ROOT</string>
			<key>lastKnownFileType</key>
			<string>sourcecode.swift</string>
		</dict>
		<key>749B8CD50EA225F8B99ED603</key>
		<dict>
			<key>isa</key>
			<string>PBXBuildFile</string>
			<key>fileRef</key>
			<string>AC56CDA6B28E18E3CF2AFE6C</string>
		</dict>
		<key>C7C083B320598DF853248CE7</key>
		<dict>
			<key>isa</key>
			<string>PBXFileReference</string>
			<key>path</key>
			<string>Sources/ReedCore/ArticleNotes.swift</string>
			<key>sourceTree</key>
			<string>SOURCE_ROOT</string>
			<key>lastKnownFileType</key>
			<string>sourcecode.swift</string>
		</dict>
		<key>748F4987748ED592A1870175</key>
		<dict>
			<key>isa</key>
			<string>PBXBuildFile</string>
			<key>fileRef</key>
			<string>C7C083B320598DF853248CE7</string>
		</dict>
		<key>0F00F9E6EFCE07893391938D</key>
		<dict>
			<key>isa</key>
			<string>PBXFileReference</string>
			<key>path</key>
			<string>Sources/ReedCore/ArticleSpeech.swift</string>
			<key>sourceTree</key>
			<string>SOURCE_ROOT</string>
			<key>lastKnownFileType</key>
			<string>sourcecode.swift</string>
		</dict>
		<key>E1ABA6BD0D809094C5E6E816</key>
		<dict>
			<key>isa</key>
			<string>PBXBuildFile</string>
			<key>fileRef</key>
			<string>0F00F9E6EFCE07893391938D</string>
		</dict>
		<key>98CED4B3A5C97EFC85BEB56A</key>
		<dict>
			<key>isa</key>
			<string>PBXFileReference</string>
			<key>path</key>
			<string>Sources/ReedCore/ArticleStorage.swift</string>
			<key>sourceTree</key>
			<string>SOURCE_ROOT</string>
			<key>lastKnownFileType</key>
			<string>sourcecode.swift</string>
		</dict>
		<key>3483221D2BB5C1A5B6A79D8D</key>
		<dict>
			<key>isa</key>
			<string>PBXBuildFile</string>
			<key>fileRef</key>
			<string>98CED4B3A5C97EFC85BEB56A</string>
		</dict>
		<key>D65FBF6BA5AB19F660046967</key>
		<dict>
			<key>isa</key>
			<string>PBXFileReference</string>
			<key>path</key>
			<string>Sources/ReedCore/Chapters.swift</string>
			<key>sourceTree</key>
			<string>SOURCE_ROOT</string>
			<key>lastKnownFileType</key>
			<string>sourcecode.swift</string>
		</dict>
		<key>1E23CEB4C82ED008FF66EE27</key>
		<dict>
			<key>isa</key>
			<string>PBXBuildFile</string>
			<key>fileRef</key>
			<string>D65FBF6BA5AB19F660046967</string>
		</dict>
		<key>E54706938FEB6E4E3EB76450</key>
		<dict>
			<key>isa</key>
			<string>PBXFileReference</string>
			<key>path</key>
			<string>Sources/ReedCore/ExternalSource.swift</string>
			<key>sourceTree</key>
			<string>SOURCE_ROOT</string>
			<key>lastKnownFileType</key>
			<string>sourcecode.swift</string>
		</dict>
		<key>AE024CFD9B7E72C3CD28BCD8</key>
		<dict>
			<key>isa</key>
			<string>PBXBuildFile</string>
			<key>fileRef</key>
			<string>E54706938FEB6E4E3EB76450</string>
		</dict>
		<key>71ED38E1A22A53FC09CC788E</key>
		<dict>
			<key>isa</key>
			<string>PBXFileReference</string>
			<key>path</key>
			<string>Sources/ReedCore/Feed.swift</string>
			<key>sourceTree</key>
			<string>SOURCE_ROOT</string>
			<key>lastKnownFileType</key>
			<string>sourcecode.swift</string>
		</dict>
		<key>195C31670E982970F5E5921F</key>
		<dict>
			<key>isa</key>
			<string>PBXBuildFile</string>
			<key>fileRef</key>
			<string>71ED38E1A22A53FC09CC788E</string>
		</dict>
		<key>709F77BB5F9974865AC45CF4</key>
		<dict>
			<key>isa</key>
			<string>PBXFileReference</string>
			<key>path</key>
			<string>Sources/ReedCore/Library.swift</string>
			<key>sourceTree</key>
			<string>SOURCE_ROOT</string>
			<key>lastKnownFileType</key>
			<string>sourcecode.swift</string>
		</dict>
		<key>E990D3D09BB177A7DFFE6EEE</key>
		<dict>
			<key>isa</key>
			<string>PBXBuildFile</string>
			<key>fileRef</key>
			<string>709F77BB5F9974865AC45CF4</string>
		</dict>
		<key>AEB089C058AC26CF1AB99B52</key>
		<dict>
			<key>isa</key>
			<string>PBXFileReference</string>
			<key>path</key>
			<string>Sources/ReedCore/PDFArticle.swift</string>
			<key>sourceTree</key>
			<string>SOURCE_ROOT</string>
			<key>lastKnownFileType</key>
			<string>sourcecode.swift</string>
		</dict>
		<key>3CF39DB11D0ACCB7EDF7BF16</key>
		<dict>
			<key>isa</key>
			<string>PBXBuildFile</string>
			<key>fileRef</key>
			<string>AEB089C058AC26CF1AB99B52</string>
		</dict>
		<key>E19C3B9C9D4C96E790AFE745</key>
		<dict>
			<key>isa</key>
			<string>PBXFileReference</string>
			<key>path</key>
			<string>Sources/ReedCore/PageRenderer.swift</string>
			<key>sourceTree</key>
			<string>SOURCE_ROOT</string>
			<key>lastKnownFileType</key>
			<string>sourcecode.swift</string>
		</dict>
		<key>B6FD6E0B91E4341452F8BF65</key>
		<dict>
			<key>isa</key>
			<string>PBXBuildFile</string>
			<key>fileRef</key>
			<string>E19C3B9C9D4C96E790AFE745</string>
		</dict>
		<key>62F2B30EADC9532F27B629D9</key>
		<dict>
			<key>isa</key>
			<string>PBXFileReference</string>
			<key>path</key>
			<string>Sources/ReedCore/Resources/DOMPurify-LICENSE</string>
			<key>sourceTree</key>
			<string>SOURCE_ROOT</string>
			<key>lastKnownFileType</key>
			<string>text</string>
		</dict>
		<key>95F9C476FA29F4B4FE75BFA6</key>
		<dict>
			<key>isa</key>
			<string>PBXBuildFile</string>
			<key>fileRef</key>
			<string>62F2B30EADC9532F27B629D9</string>
		</dict>
		<key>CEFEDFD4E31E49F4A1E14286</key>
		<dict>
			<key>isa</key>
			<string>PBXFileReference</string>
			<key>path</key>
			<string>Sources/ReedCore/Resources/ExtractArticle.js</string>
			<key>sourceTree</key>
			<string>SOURCE_ROOT</string>
			<key>lastKnownFileType</key>
			<string>text</string>
		</dict>
		<key>AEC029FEFB7F48EAA6D5738F</key>
		<dict>
			<key>isa</key>
			<string>PBXBuildFile</string>
			<key>fileRef</key>
			<string>CEFEDFD4E31E49F4A1E14286</string>
		</dict>
		<key>E4537F5D14830A127945A908</key>
		<dict>
			<key>isa</key>
			<string>PBXFileReference</string>
			<key>path</key>
			<string>Sources/ReedCore/Resources/MathMarkup.js</string>
			<key>sourceTree</key>
			<string>SOURCE_ROOT</string>
			<key>lastKnownFileType</key>
			<string>text</string>
		</dict>
		<key>C47B733E82AC3618641BA5AE</key>
		<dict>
			<key>isa</key>
			<string>PBXBuildFile</string>
			<key>fileRef</key>
			<string>E4537F5D14830A127945A908</string>
		</dict>
		<key>EEB59B1F82DE7697DFA2EA5C</key>
		<dict>
			<key>isa</key>
			<string>PBXFileReference</string>
			<key>path</key>
			<string>Sources/ReedCore/Resources/MathSpeech.js</string>
			<key>sourceTree</key>
			<string>SOURCE_ROOT</string>
			<key>lastKnownFileType</key>
			<string>text</string>
		</dict>
		<key>5655465D5EE8F72D987F1856</key>
		<dict>
			<key>isa</key>
			<string>PBXBuildFile</string>
			<key>fileRef</key>
			<string>EEB59B1F82DE7697DFA2EA5C</string>
		</dict>
		<key>8A5CE7021C135F9894E6C4F1</key>
		<dict>
			<key>isa</key>
			<string>PBXFileReference</string>
			<key>path</key>
			<string>Sources/ReedCore/Resources/PageLinks.js</string>
			<key>sourceTree</key>
			<string>SOURCE_ROOT</string>
			<key>lastKnownFileType</key>
			<string>text</string>
		</dict>
		<key>C4B01BD465F9ACCBC396F81A</key>
		<dict>
			<key>isa</key>
			<string>PBXBuildFile</string>
			<key>fileRef</key>
			<string>8A5CE7021C135F9894E6C4F1</string>
		</dict>
		<key>F0BA769FF6C009D39AF6272F</key>
		<dict>
			<key>isa</key>
			<string>PBXFileReference</string>
			<key>path</key>
			<string>Sources/ReedCore/Resources/Readability-LICENSE.md</string>
			<key>sourceTree</key>
			<string>SOURCE_ROOT</string>
			<key>lastKnownFileType</key>
			<string>text</string>
		</dict>
		<key>28237ABACD757084E075B439</key>
		<dict>
			<key>isa</key>
			<string>PBXBuildFile</string>
			<key>fileRef</key>
			<string>F0BA769FF6C009D39AF6272F</string>
		</dict>
		<key>794BE653DD175AFB4AD9B138</key>
		<dict>
			<key>isa</key>
			<string>PBXFileReference</string>
			<key>path</key>
			<string>Sources/ReedCore/Resources/Readability.js</string>
			<key>sourceTree</key>
			<string>SOURCE_ROOT</string>
			<key>lastKnownFileType</key>
			<string>text</string>
		</dict>
		<key>4A73C7488519AA95EFE0670F</key>
		<dict>
			<key>isa</key>
			<string>PBXBuildFile</string>
			<key>fileRef</key>
			<string>794BE653DD175AFB4AD9B138</string>
		</dict>
		<key>06E25CC4B1EF40148A6D4D98</key>
		<dict>
			<key>isa</key>
			<string>PBXFileReference</string>
			<key>path</key>
			<string>Sources/ReedCore/Resources/SiteRules.js</string>
			<key>sourceTree</key>
			<string>SOURCE_ROOT</string>
			<key>lastKnownFileType</key>
			<string>text</string>
		</dict>
		<key>57712CA757F1D4E0806AFC1C</key>
		<dict>
			<key>isa</key>
			<string>PBXBuildFile</string>
			<key>fileRef</key>
			<string>06E25CC4B1EF40148A6D4D98</string>
		</dict>
		<key>8EF4AB5F8AA59D154E6B70F5</key>
		<dict>
			<key>isa</key>
			<string>PBXFileReference</string>
			<key>path</key>
			<string>Sources/ReedCore/Resources/SpeechRuleEngine-LICENSE</string>
			<key>sourceTree</key>
			<string>SOURCE_ROOT</string>
			<key>lastKnownFileType</key>
			<string>text</string>
		</dict>
		<key>184ABD530BD7135AA8ECF6BC</key>
		<dict>
			<key>isa</key>
			<string>PBXBuildFile</string>
			<key>fileRef</key>
			<string>8EF4AB5F8AA59D154E6B70F5</string>
		</dict>
		<key>994BE7706E01A300DB0EDE8C</key>
		<dict>
			<key>isa</key>
			<string>PBXFileReference</string>
			<key>path</key>
			<string>Sources/ReedCore/Resources/SpeechRuleEngine-base.json</string>
			<key>sourceTree</key>
			<string>SOURCE_ROOT</string>
			<key>lastKnownFileType</key>
			<string>text</string>
		</dict>
		<key>3B061ADC390787EBB46C7D96</key>
		<dict>
			<key>isa</key>
			<string>PBXBuildFile</string>
			<key>fileRef</key>
			<string>994BE7706E01A300DB0EDE8C</string>
		</dict>
		<key>913F45B3A2C0581E78499784</key>
		<dict>
			<key>isa</key>
			<string>PBXFileReference</string>
			<key>path</key>
			<string>Sources/ReedCore/Resources/SpeechRuleEngine-en.json</string>
			<key>sourceTree</key>
			<string>SOURCE_ROOT</string>
			<key>lastKnownFileType</key>
			<string>text</string>
		</dict>
		<key>440F84117214583316BD934B</key>
		<dict>
			<key>isa</key>
			<string>PBXBuildFile</string>
			<key>fileRef</key>
			<string>913F45B3A2C0581E78499784</string>
		</dict>
		<key>33DD72485945FCBF9ECF674F</key>
		<dict>
			<key>isa</key>
			<string>PBXFileReference</string>
			<key>path</key>
			<string>Sources/ReedCore/Resources/SpeechRuleEngine.js</string>
			<key>sourceTree</key>
			<string>SOURCE_ROOT</string>
			<key>lastKnownFileType</key>
			<string>text</string>
		</dict>
		<key>32B4755D9C5070657682E64A</key>
		<dict>
			<key>isa</key>
			<string>PBXBuildFile</string>
			<key>fileRef</key>
			<string>33DD72485945FCBF9ECF674F</string>
		</dict>
		<key>75857B617F2B5DCC9E2C3829</key>
		<dict>
			<key>isa</key>
			<string>PBXFileReference</string>
			<key>path</key>
			<string>Sources/ReedCore/Resources/Temml-LICENSE</string>
			<key>sourceTree</key>
			<string>SOURCE_ROOT</string>
			<key>lastKnownFileType</key>
			<string>text</string>
		</dict>
		<key>535E6A29B098BB1D3ECA6C31</key>
		<dict>
			<key>isa</key>
			<string>PBXBuildFile</string>
			<key>fileRef</key>
			<string>75857B617F2B5DCC9E2C3829</string>
		</dict>
		<key>169F6D550C9F9B8572CBBC11</key>
		<dict>
			<key>isa</key>
			<string>PBXFileReference</string>
			<key>path</key>
			<string>Sources/ReedCore/Resources/purify.min.js</string>
			<key>sourceTree</key>
			<string>SOURCE_ROOT</string>
			<key>lastKnownFileType</key>
			<string>text</string>
		</dict>
		<key>78E7916C12A020A7B2F76EC1</key>
		<dict>
			<key>isa</key>
			<string>PBXBuildFile</string>
			<key>fileRef</key>
			<string>169F6D550C9F9B8572CBBC11</string>
		</dict>
		<key>CD9B04105A02C96A8DF2ACE0</key>
		<dict>
			<key>isa</key>
			<string>PBXFileReference</string>
			<key>path</key>
			<string>Sources/ReedCore/Resources/temml.min.js</string>
			<key>sourceTree</key>
			<string>SOURCE_ROOT</string>
			<key>lastKnownFileType</key>
			<string>text</string>
		</dict>
		<key>EECE7CD735EB7418541930D0</key>
		<dict>
			<key>isa</key>
			<string>PBXBuildFile</string>
			<key>fileRef</key>
			<string>CD9B04105A02C96A8DF2ACE0</string>
		</dict>
		<key>F95186331235DB31A60CB636</key>
		<dict>
			<key>isa</key>
			<string>PBXFileReference</string>
			<key>path</key>
			<string>Sources/ReedCore/SearchIndex.swift</string>
			<key>sourceTree</key>
			<string>SOURCE_ROOT</string>
			<key>lastKnownFileType</key>
			<string>sourcecode.swift</string>
		</dict>
		<key>6679307645738DA919E28E26</key>
		<dict>
			<key>isa</key>
			<string>PBXBuildFile</string>
			<key>fileRef</key>
			<string>F95186331235DB31A60CB636</string>
		</dict>
		<key>CE88F19EEA1429E85B50DAE5</key>
		<dict>
			<key>isa</key>
			<string>PBXFileReference</string>
			<key>path</key>
			<string>Sources/ReedCore/Series.swift</string>
			<key>sourceTree</key>
			<string>SOURCE_ROOT</string>
			<key>lastKnownFileType</key>
			<string>sourcecode.swift</string>
		</dict>
		<key>DABFDAF3DA54B71E77115C79</key>
		<dict>
			<key>isa</key>
			<string>PBXBuildFile</string>
			<key>fileRef</key>
			<string>CE88F19EEA1429E85B50DAE5</string>
		</dict>
		<key>D6B3E48F2D5F9A78B16590C0</key>
		<dict>
			<key>isa</key>
			<string>PBXFileReference</string>
			<key>path</key>
			<string>Sources/ReedCore/ShareInbox.swift</string>
			<key>sourceTree</key>
			<string>SOURCE_ROOT</string>
			<key>lastKnownFileType</key>
			<string>sourcecode.swift</string>
		</dict>
		<key>E02CFC5074F0F3AE2CC43C5B</key>
		<dict>
			<key>isa</key>
			<string>PBXBuildFile</string>
			<key>fileRef</key>
			<string>D6B3E48F2D5F9A78B16590C0</string>
		</dict>
		<key>7C8C097A086CE180CD14C39A</key>
		<dict>
			<key>isa</key>
			<string>PBXBuildFile</string>
			<key>fileRef</key>
			<string>D6B3E48F2D5F9A78B16590C0</string>
		</dict>
		<key>1DD381AB02DE9B858DEA0D7D</key>
		<dict>
			<key>isa</key>
			<string>PBXFileReference</string>
			<key>path</key>
			<string>Sources/ReedCore/Substack.swift</string>
			<key>sourceTree</key>
			<string>SOURCE_ROOT</string>
			<key>lastKnownFileType</key>
			<string>sourcecode.swift</string>
		</dict>
		<key>C63FD7F25C65273D3CA18C5B</key>
		<dict>
			<key>isa</key>
			<string>PBXBuildFile</string>
			<key>fileRef</key>
			<string>1DD381AB02DE9B858DEA0D7D</string>
		</dict>
		<key>8EE19AFD73856104EEE50822</key>
		<dict>
			<key>isa</key>
			<string>PBXFileReference</string>
			<key>path</key>
			<string>Sources/ReedCore/YouTube.swift</string>
			<key>sourceTree</key>
			<string>SOURCE_ROOT</string>
			<key>lastKnownFileType</key>
			<string>sourcecode.swift</string>
		</dict>
		<key>AA03910F0752AC3AA16025A4</key>
		<dict>
			<key>isa</key>
			<string>PBXBuildFile</string>
			<key>fileRef</key>
			<string>8EE19AFD73856104EEE50822</string>
		</dict>
		<key>F1EEAC1AABD95DE2505EEBCD</key>
		<dict>
			<key>isa</key>
			<string>PBXFileReference</string>
			<key>path</key>
			<string>Sources/ReedShare/ShareViewController.swift</string>
			<key>sourceTree</key>
			<string>SOURCE_ROOT</string>
			<key>lastKnownFileType</key>
			<string>sourcecode.swift</string>
		</dict>
		<key>E07B610C7FEFA21A0F18221D</key>
		<dict>
			<key>isa</key>
			<string>PBXBuildFile</string>
			<key>fileRef</key>
			<string>F1EEAC1AABD95DE2505EEBCD</string>
		</dict>
		<key>38A007151ABE87CC01A5B6E9</key>
		<dict>
			<key>isa</key>
			<string>PBXFileReference</string>
			<key>explicitFileType</key>
			<string>wrapper.application</string>
			<key>path</key>
			<string>Reed.app</string>
			<key>sourceTree</key>
			<string>BUILT_PRODUCTS_DIR</string>
		</dict>
		<key>69AC8403E38E6A43010E8F91</key>
		<dict>
			<key>isa</key>
			<string>PBXFileReference</string>
			<key>explicitFileType</key>
			<string>wrapper.app-extension</string>
			<key>path</key>
			<string>ReedShare.appex</string>
			<key>sourceTree</key>
			<string>BUILT_PRODUCTS_DIR</string>
		</dict>
		<key>FBDC4F23F93125BBEEAE800C</key>
		<dict>
			<key>isa</key>
			<string>PBXGroup</string>
			<key>children</key>
			<array>
				<string>38A007151ABE87CC01A5B6E9</string>
				<string>69AC8403E38E6A43010E8F91</string>
			</array>
			<key>name</key>
			<string>Products</string>
			<key>sourceTree</key>
			<string>&lt;group&gt;</string>
		</dict>
		<key>B28B7AF69320201D1CF206EB</key>
		<dict>
			<key>isa</key>
			<string>PBXGroup</string>
			<key>children</key>
			<array>
				<string>8A1C9B68090CF9EC3BF00E03</string>
				<string>CD30CCE4A34F006D70CC05E8</string>
				<string>58082E44E6C06764D52E1DD7</string>
				<string>55138BB89AD0F42AA656C991</string>
				<string>7FFB9C3824D5D12742BB27B3</string>
				<string>26ECBB57E0E465EB30EFF084</string>
				<string>2A88CBB9E73D0A0E48B9C71C</string>
				<string>EA6A37D30699070A655CB24E</string>
				<string>E9837CD9914E91D5750B82BD</string>
				<string>E1B4CFB83055600EEABE19D0</string>
				<string>5819C39293FCA9B70AE93D0E</string>
				<string>B71B90F4906B3A73F8C70F6A</string>
				<string>E0D1E03E3838001C7278D202</string>
				<string>D7C3EFD9EEA43938E577AB06</string>
				<string>0D05B48E6BF1CF037AF4F282</string>
				<string>24D87A3D58399F91B70B69B5</string>
				<string>AC56CDA6B28E18E3CF2AFE6C</string>
				<string>C7C083B320598DF853248CE7</string>
				<string>0F00F9E6EFCE07893391938D</string>
				<string>98CED4B3A5C97EFC85BEB56A</string>
				<string>D65FBF6BA5AB19F660046967</string>
				<string>E54706938FEB6E4E3EB76450</string>
				<string>71ED38E1A22A53FC09CC788E</string>
				<string>709F77BB5F9974865AC45CF4</string>
				<string>AEB089C058AC26CF1AB99B52</string>
				<string>E19C3B9C9D4C96E790AFE745</string>
				<string>62F2B30EADC9532F27B629D9</string>
				<string>CEFEDFD4E31E49F4A1E14286</string>
				<string>E4537F5D14830A127945A908</string>
				<string>EEB59B1F82DE7697DFA2EA5C</string>
				<string>8A5CE7021C135F9894E6C4F1</string>
				<string>F0BA769FF6C009D39AF6272F</string>
				<string>794BE653DD175AFB4AD9B138</string>
				<string>06E25CC4B1EF40148A6D4D98</string>
				<string>8EF4AB5F8AA59D154E6B70F5</string>
				<string>994BE7706E01A300DB0EDE8C</string>
				<string>913F45B3A2C0581E78499784</string>
				<string>33DD72485945FCBF9ECF674F</string>
				<string>75857B617F2B5DCC9E2C3829</string>
				<string>169F6D550C9F9B8572CBBC11</string>
				<string>CD9B04105A02C96A8DF2ACE0</string>
				<string>F95186331235DB31A60CB636</string>
				<string>CE88F19EEA1429E85B50DAE5</string>
				<string>D6B3E48F2D5F9A78B16590C0</string>
				<string>1DD381AB02DE9B858DEA0D7D</string>
				<string>8EE19AFD73856104EEE50822</string>
				<string>F1EEAC1AABD95DE2505EEBCD</string>
				<string>FBDC4F23F93125BBEEAE800C</string>
			</array>
			<key>sourceTree</key>
			<string>&lt;group&gt;</string>
		</dict>
		<key>7428EDC488CC538A03E06DF6</key>
		<dict>
			<key>isa</key>
			<string>XCRemoteSwiftPackageReference</string>
			<key>repositoryURL</key>
			<string>https://github.com/FluidInference/FluidAudio.git</string>
			<key>requirement</key>
			<dict>
				<key>kind</key>
				<string>exactVersion</string>
				<key>version</key>
				<string>0.17.5</string>
			</dict>
		</dict>
		<key>9F57A8BC237D0231D96EA1AA</key>
		<dict>
			<key>isa</key>
			<string>XCSwiftPackageProductDependency</string>
			<key>package</key>
			<string>7428EDC488CC538A03E06DF6</string>
			<key>productName</key>
			<string>FluidAudio</string>
		</dict>
		<key>ADF4474D9E0825770413346F</key>
		<dict>
			<key>isa</key>
			<string>PBXBuildFile</string>
			<key>productRef</key>
			<string>9F57A8BC237D0231D96EA1AA</string>
		</dict>
		<key>BCE16DD0260827ECF338C787</key>
		<dict>
			<key>isa</key>
			<string>PBXSourcesBuildPhase</string>
			<key>buildActionMask</key>
			<integer>2147483647</integer>
			<key>files</key>
			<array>
				<string>6028FB5DE9020B01ED4401D3</string>
				<string>87E1C50AE6666844D88732DE</string>
				<string>AF2981C8D415CDED6EA81231</string>
				<string>23C4BE1CC27D3C948AF14841</string>
				<string>E1FE09D28E34B5F60D61E9C1</string>
				<string>E0E7870EA5D095C9234442AA</string>
				<string>4258CB1E66946A2A57F938EC</string>
				<string>CD546E1A338CABB67FC83DE5</string>
				<string>A39272BA477257773A42D1B1</string>
				<string>41EC7785CCE9D09B2D4FA7B1</string>
				<string>6BF7FEFFFD817D6E50733FDA</string>
				<string>97B769EE3A4FECEA35AF013F</string>
				<string>EA5311C60EBB1B1ABAE98631</string>
				<string>7861EDA4ED9D7A92471A8A1D</string>
				<string>86B08DB1E682A9773DFC9F34</string>
				<string>749B8CD50EA225F8B99ED603</string>
				<string>748F4987748ED592A1870175</string>
				<string>E1ABA6BD0D809094C5E6E816</string>
				<string>3483221D2BB5C1A5B6A79D8D</string>
				<string>1E23CEB4C82ED008FF66EE27</string>
				<string>AE024CFD9B7E72C3CD28BCD8</string>
				<string>195C31670E982970F5E5921F</string>
				<string>E990D3D09BB177A7DFFE6EEE</string>
				<string>3CF39DB11D0ACCB7EDF7BF16</string>
				<string>B6FD6E0B91E4341452F8BF65</string>
				<string>6679307645738DA919E28E26</string>
				<string>DABFDAF3DA54B71E77115C79</string>
				<string>E02CFC5074F0F3AE2CC43C5B</string>
				<string>C63FD7F25C65273D3CA18C5B</string>
				<string>AA03910F0752AC3AA16025A4</string>
			</array>
			<key>runOnlyForDeploymentPostprocessing</key>
			<integer>0</integer>
		</dict>
		<key>0189424A5A60FED329FA868E</key>
		<dict>
			<key>isa</key>
			<string>PBXResourcesBuildPhase</string>
			<key>buildActionMask</key>
			<integer>2147483647</integer>
			<key>files</key>
			<array>
				<string>280AFA5966C83D33008AA46F</string>
				<string>95F9C476FA29F4B4FE75BFA6</string>
				<string>AEC029FEFB7F48EAA6D5738F</string>
				<string>C47B733E82AC3618641BA5AE</string>
				<string>5655465D5EE8F72D987F1856</string>
				<string>C4B01BD465F9ACCBC396F81A</string>
				<string>28237ABACD757084E075B439</string>
				<string>4A73C7488519AA95EFE0670F</string>
				<string>57712CA757F1D4E0806AFC1C</string>
				<string>184ABD530BD7135AA8ECF6BC</string>
				<string>3B061ADC390787EBB46C7D96</string>
				<string>440F84117214583316BD934B</string>
				<string>32B4755D9C5070657682E64A</string>
				<string>535E6A29B098BB1D3ECA6C31</string>
				<string>78E7916C12A020A7B2F76EC1</string>
				<string>EECE7CD735EB7418541930D0</string>
			</array>
			<key>runOnlyForDeploymentPostprocessing</key>
			<integer>0</integer>
		</dict>
		<key>7561BFB015D8F536760CB671</key>
		<dict>
			<key>isa</key>
			<string>PBXFrameworksBuildPhase</string>
			<key>buildActionMask</key>
			<integer>2147483647</integer>
			<key>files</key>
			<array>
				<string>ADF4474D9E0825770413346F</string>
			</array>
			<key>runOnlyForDeploymentPostprocessing</key>
			<integer>0</integer>
		</dict>
		<key>153B6796E54958E7F63CC60D</key>
		<dict>
			<key>isa</key>
			<string>PBXBuildFile</string>
			<key>fileRef</key>
			<string>69AC8403E38E6A43010E8F91</string>
			<key>settings</key>
			<dict>
				<key>ATTRIBUTES</key>
				<array>
					<string>RemoveHeadersOnCopy</string>
				</array>
			</dict>
		</dict>
		<key>CFFF27C96089B93150F3553B</key>
		<dict>
			<key>isa</key>
			<string>PBXCopyFilesBuildPhase</string>
			<key>buildActionMask</key>
			<integer>2147483647</integer>
			<key>dstPath</key>
			<string></string>
			<key>dstSubfolderSpec</key>
			<integer>13</integer>
			<key>files</key>
			<array>
				<string>153B6796E54958E7F63CC60D</string>
			</array>
			<key>name</key>
			<string>Embed Foundation Extensions</string>
			<key>runOnlyForDeploymentPostprocessing</key>
			<integer>0</integer>
		</dict>
		<key>E6E919EC4BB99E5DDFF7892C</key>
		<dict>
			<key>isa</key>
			<string>PBXSourcesBuildPhase</string>
			<key>buildActionMask</key>
			<integer>2147483647</integer>
			<key>files</key>
			<array>
				<string>7C8C097A086CE180CD14C39A</string>
				<string>E07B610C7FEFA21A0F18221D</string>
			</array>
			<key>runOnlyForDeploymentPostprocessing</key>
			<integer>0</integer>
		</dict>
		<key>3C982B01884B80A03489D212</key>
		<dict>
			<key>isa</key>
			<string>PBXFrameworksBuildPhase</string>
			<key>buildActionMask</key>
			<integer>2147483647</integer>
			<key>files</key>
			<array/>
			<key>runOnlyForDeploymentPostprocessing</key>
			<integer>0</integer>
		</dict>
		<key>C6D1DB24FEF5A86EBDB66EAB</key>
		<dict>
			<key>isa</key>
			<string>PBXResourcesBuildPhase</string>
			<key>buildActionMask</key>
			<integer>2147483647</integer>
			<key>files</key>
			<array/>
			<key>runOnlyForDeploymentPostprocessing</key>
			<integer>0</integer>
		</dict>
		<key>AB52CB08E0FDF02BF6C67C33</key>
		<dict>
			<key>isa</key>
			<string>XCBuildConfiguration</string>
			<key>name</key>
			<string>Debug</string>
			<key>buildSettings</key>
			<dict>
				<key>CLANG_ENABLE_MODULES</key>
				<string>YES</string>
				<key>SWIFT_VERSION</key>
				<string>6.0</string>
				<key>MACOSX_DEPLOYMENT_TARGET</key>
				<string>15.0</string>
				<key>IPHONEOS_DEPLOYMENT_TARGET</key>
				<string>17.0</string>
				<key>SDKROOT</key>
				<string>auto</string>
				<key>SUPPORTED_PLATFORMS</key>
				<string>macosx iphoneos iphonesimulator</string>
				<key>SWIFT_OPTIMIZATION_LEVEL</key>
				<string>-Onone</string>
				<key>SWIFT_ACTIVE_COMPILATION_CONDITIONS</key>
				<string>DEBUG</string>
				<key>ENABLE_TESTABILITY</key>
				<string>YES</string>
				<key>ONLY_ACTIVE_ARCH</key>
				<string>YES</string>
				<key>DEBUG_INFORMATION_FORMAT</key>
				<string>dwarf</string>
			</dict>
		</dict>
		<key>59E1BEE911F66DA37FEBACDC</key>
		<dict>
			<key>isa</key>
			<string>XCBuildConfiguration</string>
			<key>name</key>
			<string>Debug</string>
			<key>buildSettings</key>
			<dict>
				<key>PRODUCT_NAME</key>
				<string>Reed</string>
				<key>PRODUCT_BUNDLE_IDENTIFIER</key>
				<string>town.versary.reed</string>
				<key>INFOPLIST_FILE</key>
				<string>Info.plist</string>
				<key>GENERATE_INFOPLIST_FILE</key>
				<string>NO</string>
				<key>INFOPLIST_FILE[sdk=macosx*]</key>
				<string>Info-macOS.plist</string>
				<key>CODE_SIGN_ENTITLEMENTS</key>
				<string>Reed-iOS.entitlements</string>
				<key>CODE_SIGN_ENTITLEMENTS[sdk=macosx*]</key>
				<string>Reed-macOS.entitlements</string>
				<key>CODE_SIGN_STYLE</key>
				<string>Automatic</string>
				<key>DEVELOPMENT_TEAM</key>
				<string>KR4TU3GTWZ</string>
				<key>CODE_SIGN_STYLE[sdk=macosx*]</key>
				<string>Manual</string>
				<key>CODE_SIGN_IDENTITY[sdk=macosx*]</key>
				<string>Apple Development</string>
				<key>TARGETED_DEVICE_FAMILY</key>
				<string>1,2</string>
				<key>CURRENT_PROJECT_VERSION</key>
				<string>1</string>
				<key>MARKETING_VERSION</key>
				<string>0.1.0</string>
				<key>ENABLE_APP_SANDBOX</key>
				<string>NO</string>
				<key>COMBINE_HIDPI_IMAGES</key>
				<string>YES</string>
				<key>ASSETCATALOG_COMPILER_APPICON_NAME</key>
				<string>AppIcon</string>
				<key>LD_RUNPATH_SEARCH_PATHS</key>
				<string>$(inherited) @executable_path/../Frameworks @executable_path/Frameworks</string>
			</dict>
		</dict>
		<key>0D8C2B4F542FF57BC4D485A4</key>
		<dict>
			<key>isa</key>
			<string>XCBuildConfiguration</string>
			<key>name</key>
			<string>Debug</string>
			<key>buildSettings</key>
			<dict>
				<key>PRODUCT_NAME</key>
				<string>ReedShare</string>
				<key>PRODUCT_BUNDLE_IDENTIFIER</key>
				<string>town.versary.reed.share</string>
				<key>INFOPLIST_FILE</key>
				<string>Sources/ReedShare/Info.plist</string>
				<key>GENERATE_INFOPLIST_FILE</key>
				<string>NO</string>
				<key>CODE_SIGN_ENTITLEMENTS</key>
				<string>Reed-iOS.entitlements</string>
				<key>CODE_SIGN_ENTITLEMENTS[sdk=macosx*]</key>
				<string>Sources/ReedShare/ReedShare-macOS.entitlements</string>
				<key>CODE_SIGN_STYLE</key>
				<string>Automatic</string>
				<key>DEVELOPMENT_TEAM</key>
				<string>KR4TU3GTWZ</string>
				<key>CODE_SIGN_STYLE[sdk=macosx*]</key>
				<string>Manual</string>
				<key>CODE_SIGN_IDENTITY[sdk=macosx*]</key>
				<string>Apple Development</string>
				<key>TARGETED_DEVICE_FAMILY</key>
				<string>1,2</string>
				<key>CURRENT_PROJECT_VERSION</key>
				<string>1</string>
				<key>MARKETING_VERSION</key>
				<string>0.1.0</string>
				<key>APPLICATION_EXTENSION_API_ONLY</key>
				<string>YES</string>
				<key>SKIP_INSTALL</key>
				<string>YES</string>
				<key>LD_RUNPATH_SEARCH_PATHS</key>
				<string>$(inherited) @executable_path/../Frameworks @executable_path/../../Frameworks</string>
				<key>LD_RUNPATH_SEARCH_PATHS[sdk=macosx*]</key>
				<string>$(inherited) @executable_path/../Frameworks @executable_path/../../../../Frameworks</string>
			</dict>
		</dict>
		<key>5283471FF90C511CFE244FFF</key>
		<dict>
			<key>isa</key>
			<string>XCBuildConfiguration</string>
			<key>name</key>
			<string>Release</string>
			<key>buildSettings</key>
			<dict>
				<key>CLANG_ENABLE_MODULES</key>
				<string>YES</string>
				<key>SWIFT_VERSION</key>
				<string>6.0</string>
				<key>MACOSX_DEPLOYMENT_TARGET</key>
				<string>15.0</string>
				<key>IPHONEOS_DEPLOYMENT_TARGET</key>
				<string>17.0</string>
				<key>SDKROOT</key>
				<string>auto</string>
				<key>SUPPORTED_PLATFORMS</key>
				<string>macosx iphoneos iphonesimulator</string>
				<key>SWIFT_OPTIMIZATION_LEVEL</key>
				<string>-O</string>
				<key>SWIFT_ACTIVE_COMPILATION_CONDITIONS</key>
				<string></string>
				<key>ENABLE_TESTABILITY</key>
				<string>NO</string>
				<key>ONLY_ACTIVE_ARCH</key>
				<string>NO</string>
				<key>DEBUG_INFORMATION_FORMAT</key>
				<string>dwarf-with-dsym</string>
			</dict>
		</dict>
		<key>F4C425279CD5DDD18FD6DC6D</key>
		<dict>
			<key>isa</key>
			<string>XCBuildConfiguration</string>
			<key>name</key>
			<string>Release</string>
			<key>buildSettings</key>
			<dict>
				<key>PRODUCT_NAME</key>
				<string>Reed</string>
				<key>PRODUCT_BUNDLE_IDENTIFIER</key>
				<string>town.versary.reed</string>
				<key>INFOPLIST_FILE</key>
				<string>Info.plist</string>
				<key>GENERATE_INFOPLIST_FILE</key>
				<string>NO</string>
				<key>INFOPLIST_FILE[sdk=macosx*]</key>
				<string>Info-macOS.plist</string>
				<key>CODE_SIGN_ENTITLEMENTS</key>
				<string>Reed-iOS.entitlements</string>
				<key>CODE_SIGN_ENTITLEMENTS[sdk=macosx*]</key>
				<string>Reed-macOS.entitlements</string>
				<key>CODE_SIGN_STYLE</key>
				<string>Automatic</string>
				<key>DEVELOPMENT_TEAM</key>
				<string>KR4TU3GTWZ</string>
				<key>CODE_SIGN_STYLE[sdk=macosx*]</key>
				<string>Manual</string>
				<key>CODE_SIGN_IDENTITY[sdk=macosx*]</key>
				<string>Apple Development</string>
				<key>TARGETED_DEVICE_FAMILY</key>
				<string>1,2</string>
				<key>CURRENT_PROJECT_VERSION</key>
				<string>1</string>
				<key>MARKETING_VERSION</key>
				<string>0.1.0</string>
				<key>ENABLE_APP_SANDBOX</key>
				<string>NO</string>
				<key>COMBINE_HIDPI_IMAGES</key>
				<string>YES</string>
				<key>ASSETCATALOG_COMPILER_APPICON_NAME</key>
				<string>AppIcon</string>
				<key>LD_RUNPATH_SEARCH_PATHS</key>
				<string>$(inherited) @executable_path/../Frameworks @executable_path/Frameworks</string>
			</dict>
		</dict>
		<key>BEF7C00F2B758A84B5C079A5</key>
		<dict>
			<key>isa</key>
			<string>XCBuildConfiguration</string>
			<key>name</key>
			<string>Release</string>
			<key>buildSettings</key>
			<dict>
				<key>PRODUCT_NAME</key>
				<string>ReedShare</string>
				<key>PRODUCT_BUNDLE_IDENTIFIER</key>
				<string>town.versary.reed.share</string>
				<key>INFOPLIST_FILE</key>
				<string>Sources/ReedShare/Info.plist</string>
				<key>GENERATE_INFOPLIST_FILE</key>
				<string>NO</string>
				<key>CODE_SIGN_ENTITLEMENTS</key>
				<string>Reed-iOS.entitlements</string>
				<key>CODE_SIGN_ENTITLEMENTS[sdk=macosx*]</key>
				<string>Sources/ReedShare/ReedShare-macOS.entitlements</string>
				<key>CODE_SIGN_STYLE</key>
				<string>Automatic</string>
				<key>DEVELOPMENT_TEAM</key>
				<string>KR4TU3GTWZ</string>
				<key>CODE_SIGN_STYLE[sdk=macosx*]</key>
				<string>Manual</string>
				<key>CODE_SIGN_IDENTITY[sdk=macosx*]</key>
				<string>Apple Development</string>
				<key>TARGETED_DEVICE_FAMILY</key>
				<string>1,2</string>
				<key>CURRENT_PROJECT_VERSION</key>
				<string>1</string>
				<key>MARKETING_VERSION</key>
				<string>0.1.0</string>
				<key>APPLICATION_EXTENSION_API_ONLY</key>
				<string>YES</string>
				<key>SKIP_INSTALL</key>
				<string>YES</string>
				<key>LD_RUNPATH_SEARCH_PATHS</key>
				<string>$(inherited) @executable_path/../Frameworks @executable_path/../../Frameworks</string>
				<key>LD_RUNPATH_SEARCH_PATHS[sdk=macosx*]</key>
				<string>$(inherited) @executable_path/../Frameworks @executable_path/../../../../Frameworks</string>
			</dict>
		</dict>
		<key>49EA05A46B1A86EA7E413B43</key>
		<dict>
			<key>isa</key>
			<string>XCConfigurationList</string>
			<key>buildConfigurations</key>
			<array>
				<string>AB52CB08E0FDF02BF6C67C33</string>
				<string>5283471FF90C511CFE244FFF</string>
			</array>
			<key>defaultConfigurationIsVisible</key>
			<integer>0</integer>
			<key>defaultConfigurationName</key>
			<string>Release</string>
		</dict>
		<key>DB9606606D1AA769499B50CC</key>
		<dict>
			<key>isa</key>
			<string>XCConfigurationList</string>
			<key>buildConfigurations</key>
			<array>
				<string>0D8C2B4F542FF57BC4D485A4</string>
				<string>BEF7C00F2B758A84B5C079A5</string>
			</array>
			<key>defaultConfigurationIsVisible</key>
			<integer>0</integer>
			<key>defaultConfigurationName</key>
			<string>Release</string>
		</dict>
		<key>21D05182542AE501D736062C</key>
		<dict>
			<key>isa</key>
			<string>PBXNativeTarget</string>
			<key>name</key>
			<string>ReedShare</string>
			<key>productName</key>
			<string>ReedShare</string>
			<key>productReference</key>
			<string>69AC8403E38E6A43010E8F91</string>
			<key>productType</key>
			<string>com.apple.product-type.app-extension</string>
			<key>buildConfigurationList</key>
			<string>DB9606606D1AA769499B50CC</string>
			<key>buildPhases</key>
			<array>
				<string>E6E919EC4BB99E5DDFF7892C</string>
				<string>3C982B01884B80A03489D212</string>
				<string>C6D1DB24FEF5A86EBDB66EAB</string>
			</array>
			<key>buildRules</key>
			<array/>
			<key>dependencies</key>
			<array/>
		</dict>
		<key>21A142AFC885FA9F74239221</key>
		<dict>
			<key>isa</key>
			<string>PBXContainerItemProxy</string>
			<key>containerPortal</key>
			<string>98F54143AB4E86B28C3AFEE0</string>
			<key>proxyType</key>
			<string>1</string>
			<key>remoteGlobalIDString</key>
			<string>21D05182542AE501D736062C</string>
			<key>remoteInfo</key>
			<string>ReedShare</string>
		</dict>
		<key>6E216A8892C8919C80266DBE</key>
		<dict>
			<key>isa</key>
			<string>PBXTargetDependency</string>
			<key>target</key>
			<string>21D05182542AE501D736062C</string>
			<key>targetProxy</key>
			<string>21A142AFC885FA9F74239221</string>
		</dict>
		<key>F497FD0CF9CA1625C4A860DE</key>
		<dict>
			<key>isa</key>
			<string>XCConfigurationList</string>
			<key>buildConfigurations</key>
			<array>
				<string>59E1BEE911F66DA37FEBACDC</string>
				<string>F4C425279CD5DDD18FD6DC6D</string>
			</array>
			<key>defaultConfigurationIsVisible</key>
			<integer>0</integer>
			<key>defaultConfigurationName</key>
			<string>Release</string>
		</dict>
		<key>0E8A3AD980EC179856012B7E</key>
		<dict>
			<key>isa</key>
			<string>PBXNativeTarget</string>
			<key>name</key>
			<string>Reed</string>
			<key>productName</key>
			<string>Reed</string>
			<key>productReference</key>
			<string>38A007151ABE87CC01A5B6E9</string>
			<key>productType</key>
			<string>com.apple.product-type.application</string>
			<key>buildConfigurationList</key>
			<string>F497FD0CF9CA1625C4A860DE</string>
			<key>buildPhases</key>
			<array>
				<string>BCE16DD0260827ECF338C787</string>
				<string>7561BFB015D8F536760CB671</string>
				<string>0189424A5A60FED329FA868E</string>
				<string>CFFF27C96089B93150F3553B</string>
			</array>
			<key>buildRules</key>
			<array/>
			<key>dependencies</key>
			<array>
				<string>6E216A8892C8919C80266DBE</string>
			</array>
			<key>packageProductDependencies</key>
			<array>
				<string>9F57A8BC237D0231D96EA1AA</string>
			</array>
		</dict>
		<key>98F54143AB4E86B28C3AFEE0</key>
		<dict>
			<key>isa</key>
			<string>PBXProject</string>
			<key>attributes</key>
			<dict>
				<key>LastUpgradeCheck</key>
				<string>2700</string>
				<key>BuildIndependentTargetsInParallel</key>
				<string>YES</string>
			</dict>
			<key>buildConfigurationList</key>
			<string>49EA05A46B1A86EA7E413B43</string>
			<key>compatibilityVersion</key>
			<string>Xcode 14.0</string>
			<key>developmentRegion</key>
			<string>en</string>
			<key>hasScannedForEncodings</key>
			<integer>0</integer>
			<key>knownRegions</key>
			<array>
				<string>en</string>
				<string>Base</string>
			</array>
			<key>mainGroup</key>
			<string>B28B7AF69320201D1CF206EB</string>
			<key>productRefGroup</key>
			<string>FBDC4F23F93125BBEEAE800C</string>
			<key>packageReferences</key>
			<array>
				<string>7428EDC488CC538A03E06DF6</string>
			</array>
			<key>projectDirPath</key>
			<string></string>
			<key>projectRoot</key>
			<string></string>
			<key>targets</key>
			<array>
				<string>0E8A3AD980EC179856012B7E</string>
				<string>21D05182542AE501D736062C</string>
			</array>
		</dict>
	</dict>
	<key>rootObject</key>
	<string>98F54143AB4E86B28C3AFEE0</string>
</dict>
</plist>
